
Microsoft Visual Studio Solution File, Format Version 12.00
# Visual Studio Version 17
VisualStudioVersion = 17.11.35431.28
MinimumVisualStudioVersion = 10.0.40219.1
Project("{9A19103F-16F7-4668-BE54-9A1E7A4F7556}") = "PlanningPokerSignalR", "PlanningPokerSignalR.csproj", "{FB790280-403F-4D6B-99CC-CF97CB4EABC6}"
EndProject
Global
	GlobalSection(SolutionConfigurationPlatforms) = preSolution
		Debug|Any CPU = Debug|Any CPU
		Release|Any CPU = Release|Any CPU
	EndGlobalSection
	GlobalSection(ProjectConfigurationPlatforms) = postSolution
		{FB790280-403F-4D6B-99CC-CF97CB4EABC6}.Debug|Any CPU.ActiveCfg = Debug|Any CPU
		{FB790280-403F-4D6B-99CC-CF97CB4EABC6}.Debug|Any CPU.Build.0 = Debug|Any CPU
		{FB790280-403F-4D6B-99CC-CF97CB4EABC6}.Release|Any CPU.ActiveCfg = Release|Any CPU
		{FB790280-403F-4D6B-99CC-CF97CB4EABC6}.Release|Any CPU.Build.0 = Release|Any CPU
	EndGlobalSection
	GlobalSection(SolutionProperties) = preSolution
		HideSolutionNode = FALSE
	EndGlobalSection
	GlobalSection(ExtensibilityGlobals) = postSolution
		SolutionGuid = {EF0DC3A6-8CDE-4EB8-8524-0A02D5715FA4}
	EndGlobalSection
EndGlobal
